
Microsoft Visual Studio Solution File, Format Version 10.00
# Visual Studio 2008
Project("{FAE04EC0-301F-11D3-BF4B-00C04F79EFBC}") = "QX.UI", "QX.UI\QX.UI.csproj", "{A15DDF5C-6B31-42A3-8A82-609F1409E819}"
EndProject
Project("{FAE04EC0-301F-11D3-BF4B-00C04F79EFBC}") = "QX.DAL", "QX.DAL\QX.DAL.csproj", "{3F0B0AB5-7A7D-4192-8649-3C9827B6B611}"
EndProject
Project("{FAE04EC0-301F-11D3-BF4B-00C04F79EFBC}") = "QX.Model", "QX.Model\QX.Model.csproj", "{8E2AB412-1002-4314-9E93-7D040EA4EC0F}"
EndProject
Project("{FAE04EC0-301F-11D3-BF4B-00C04F79EFBC}") = "QX.BLL", "QX.BLL\QX.BLL.csproj", "{06723DA2-3A6E-4347-90CD-CB66ABA56C71}"
EndProject
Project("{FAE04EC0-301F-11D3-BF4B-00C04F79EFBC}") = "QX.GenFramework", "QX.GenFramework\QX.GenFramework.csproj", "{992FB940-7AD9-4CAF-A990-5345F5EB5B09}"
EndProject
Project("{FAE04EC0-301F-11D3-BF4B-00C04F79EFBC}") = "QX.DataAcess", "QX.DataAcess\QX.DataAcess.csproj", "{62DF783B-D2DA-4807-8864-A763533798A7}"
EndProject
Project("{FAE04EC0-301F-11D3-BF4B-00C04F79EFBC}") = "QX.Helper", "QX.Helper\QX.Helper.csproj", "{E7BCD3EF-C3DE-4F72-A540-A3CCF65285E5}"
EndProject
Project("{2150E333-8FDC-42A3-9474-1A3956D46DE8}") = "AutoUpdate", "AutoUpdate", "{7B8FD5E1-393A-4DEC-ADA1-8B742299DD78}"
EndProject
Project("{FAE04EC0-301F-11D3-BF4B-00C04F79EFBC}") = "QX.UpdateHelper", "QX.UpdateHelper\QX.UpdateHelper.csproj", "{412405C1-E0BF-4AC7-9152-9BE38F9C799C}"
EndProject
Project("{FAE04EC0-301F-11D3-BF4B-00C04F79EFBC}") = "QX.UpdateLoader", "QX.UpdateLoader\QX.UpdateLoader.csproj", "{4E3A24F9-C44B-492A-8677-107A80BFC497}"
EndProject
Project("{FAE04EC0-301F-11D3-BF4B-00C04F79EFBC}") = "QX.UpdateModel", "QX.UpdateModel\QX.UpdateModel.csproj", "{61AED06F-D98F-48A0-A680-E101F198B249}"
EndProject
Project("{FAE04EC0-301F-11D3-BF4B-00C04F79EFBC}") = "QX.Log", "QX.Log\QX.Log.csproj", "{1C128DB1-7EFC-4BE0-B981-7F98CB171C42}"
EndProject
Project("{FAE04EC0-301F-11D3-BF4B-00C04F79EFBC}") = "QX.Shared", "QX.Shared\QX.Shared.csproj", "{317B9684-3FE0-406F-99E0-92F0B301BDC1}"
EndProject
Project("{2150E333-8FDC-42A3-9474-1A3956D46DE8}") = "Config", "Config", "{556CB634-F920-4F66-A9F8-50F60DFB7CAE}"
EndProject
Project("{2150E333-8FDC-42A3-9474-1A3956D46DE8}") = "Comm", "Comm", "{B77A02C6-54FA-44C7-A840-E81C68D91C5D}"
EndProject
Project("{2150E333-8FDC-42A3-9474-1A3956D46DE8}") = "Data", "Data", "{C9DA5788-D0DB-4271-845E-E5D9B4867E82}"
EndProject
Global
	GlobalSection(SolutionConfigurationPlatforms) = preSolution
		Debug|Any CPU = Debug|Any CPU
		Release|Any CPU = Release|Any CPU
	EndGlobalSection
	GlobalSection(ProjectConfigurationPlatforms) = postSolution
		{A15DDF5C-6B31-42A3-8A82-609F1409E819}.Debug|Any CPU.ActiveCfg = Debug|Any CPU
		{A15DDF5C-6B31-42A3-8A82-609F1409E819}.Debug|Any CPU.Build.0 = Debug|Any CPU
		{A15DDF5C-6B31-42A3-8A82-609F1409E819}.Release|Any CPU.ActiveCfg = Release|Any CPU
		{A15DDF5C-6B31-42A3-8A82-609F1409E819}.Release|Any CPU.Build.0 = Release|Any CPU
		{3F0B0AB5-7A7D-4192-8649-3C9827B6B611}.Debug|Any CPU.ActiveCfg = Debug|Any CPU
		{3F0B0AB5-7A7D-4192-8649-3C9827B6B611}.Debug|Any CPU.Build.0 = Debug|Any CPU
		{3F0B0AB5-7A7D-4192-8649-3C9827B6B611}.Release|Any CPU.ActiveCfg = Release|Any CPU
		{3F0B0AB5-7A7D-4192-8649-3C9827B6B611}.Release|Any CPU.Build.0 = Release|Any CPU
		{8E2AB412-1002-4314-9E93-7D040EA4EC0F}.Debug|Any CPU.ActiveCfg = Debug|Any CPU
		{8E2AB412-1002-4314-9E93-7D040EA4EC0F}.Debug|Any CPU.Build.0 = Debug|Any CPU
		{8E2AB412-1002-4314-9E93-7D040EA4EC0F}.Release|Any CPU.ActiveCfg = Release|Any CPU
		{8E2AB412-1002-4314-9E93-7D040EA4EC0F}.Release|Any CPU.Build.0 = Release|Any CPU
		{06723DA2-3A6E-4347-90CD-CB66ABA56C71}.Debug|Any CPU.ActiveCfg = Debug|Any CPU
		{06723DA2-3A6E-4347-90CD-CB66ABA56C71}.Debug|Any CPU.Build.0 = Debug|Any CPU
		{06723DA2-3A6E-4347-90CD-CB66ABA56C71}.Release|Any CPU.ActiveCfg = Release|Any CPU
		{06723DA2-3A6E-4347-90CD-CB66ABA56C71}.Release|Any CPU.Build.0 = Release|Any CPU
		{992FB940-7AD9-4CAF-A990-5345F5EB5B09}.Debug|Any CPU.ActiveCfg = Debug|Any CPU
		{992FB940-7AD9-4CAF-A990-5345F5EB5B09}.Debug|Any CPU.Build.0 = Debug|Any CPU
		{992FB940-7AD9-4CAF-A990-5345F5EB5B09}.Release|Any CPU.ActiveCfg = Release|Any CPU
		{992FB940-7AD9-4CAF-A990-5345F5EB5B09}.Release|Any CPU.Build.0 = Release|Any CPU
		{62DF783B-D2DA-4807-8864-A763533798A7}.Debug|Any CPU.ActiveCfg = Debug|Any CPU
		{62DF783B-D2DA-4807-8864-A763533798A7}.Debug|Any CPU.Build.0 = Debug|Any CPU
		{62DF783B-D2DA-4807-8864-A763533798A7}.Release|Any CPU.ActiveCfg = Release|Any CPU
		{62DF783B-D2DA-4807-8864-A763533798A7}.Release|Any CPU.Build.0 = Release|Any CPU
		{E7BCD3EF-C3DE-4F72-A540-A3CCF65285E5}.Debug|Any CPU.ActiveCfg = Debug|Any CPU
		{E7BCD3EF-C3DE-4F72-A540-A3CCF65285E5}.Debug|Any CPU.Build.0 = Debug|Any CPU
		{E7BCD3EF-C3DE-4F72-A540-A3CCF65285E5}.Release|Any CPU.ActiveCfg = Release|Any CPU
		{E7BCD3EF-C3DE-4F72-A540-A3CCF65285E5}.Release|Any CPU.Build.0 = Release|Any CPU
		{412405C1-E0BF-4AC7-9152-9BE38F9C799C}.Debug|Any CPU.ActiveCfg = Debug|Any CPU
		{412405C1-E0BF-4AC7-9152-9BE38F9C799C}.Debug|Any CPU.Build.0 = Debug|Any CPU
		{412405C1-E0BF-4AC7-9152-9BE38F9C799C}.Release|Any CPU.ActiveCfg = Release|Any CPU
		{412405C1-E0BF-4AC7-9152-9BE38F9C799C}.Release|Any CPU.Build.0 = Release|Any CPU
		{4E3A24F9-C44B-492A-8677-107A80BFC497}.Debug|Any CPU.ActiveCfg = Debug|Any CPU
		{4E3A24F9-C44B-492A-8677-107A80BFC497}.Debug|Any CPU.Build.0 = Debug|Any CPU
		{4E3A24F9-C44B-492A-8677-107A80BFC497}.Release|Any CPU.ActiveCfg = Release|Any CPU
		{4E3A24F9-C44B-492A-8677-107A80BFC497}.Release|Any CPU.Build.0 = Release|Any CPU
		{61AED06F-D98F-48A0-A680-E101F198B249}.Debug|Any CPU.ActiveCfg = Debug|Any CPU
		{61AED06F-D98F-48A0-A680-E101F198B249}.Debug|Any CPU.Build.0 = Debug|Any CPU
		{61AED06F-D98F-48A0-A680-E101F198B249}.Release|Any CPU.ActiveCfg = Release|Any CPU
		{61AED06F-D98F-48A0-A680-E101F198B249}.Release|Any CPU.Build.0 = Release|Any CPU
		{1C128DB1-7EFC-4BE0-B981-7F98CB171C42}.Debug|Any CPU.ActiveCfg = Debug|Any CPU
		{1C128DB1-7EFC-4BE0-B981-7F98CB171C42}.Debug|Any CPU.Build.0 = Debug|Any CPU
		{1C128DB1-7EFC-4BE0-B981-7F98CB171C42}.Release|Any CPU.ActiveCfg = Release|Any CPU
		{1C128DB1-7EFC-4BE0-B981-7F98CB171C42}.Release|Any CPU.Build.0 = Release|Any CPU
		{317B9684-3FE0-406F-99E0-92F0B301BDC1}.Debug|Any CPU.ActiveCfg = Debug|Any CPU
		{317B9684-3FE0-406F-99E0-92F0B301BDC1}.Debug|Any CPU.Build.0 = Debug|Any CPU
		{317B9684-3FE0-406F-99E0-92F0B301BDC1}.Release|Any CPU.ActiveCfg = Release|Any CPU
		{317B9684-3FE0-406F-99E0-92F0B301BDC1}.Release|Any CPU.Build.0 = Release|Any CPU
	EndGlobalSection
	GlobalSection(SolutionProperties) = preSolution
		HideSolutionNode = FALSE
	EndGlobalSection
	GlobalSection(NestedProjects) = preSolution
		{61AED06F-D98F-48A0-A680-E101F198B249} = {7B8FD5E1-393A-4DEC-ADA1-8B742299DD78}
		{412405C1-E0BF-4AC7-9152-9BE38F9C799C} = {7B8FD5E1-393A-4DEC-ADA1-8B742299DD78}
		{4E3A24F9-C44B-492A-8677-107A80BFC497} = {7B8FD5E1-393A-4DEC-ADA1-8B742299DD78}
		{992FB940-7AD9-4CAF-A990-5345F5EB5B09} = {556CB634-F920-4F66-A9F8-50F60DFB7CAE}
		{317B9684-3FE0-406F-99E0-92F0B301BDC1} = {556CB634-F920-4F66-A9F8-50F60DFB7CAE}
		{1C128DB1-7EFC-4BE0-B981-7F98CB171C42} = {556CB634-F920-4F66-A9F8-50F60DFB7CAE}
		{E7BCD3EF-C3DE-4F72-A540-A3CCF65285E5} = {B77A02C6-54FA-44C7-A840-E81C68D91C5D}
		{3F0B0AB5-7A7D-4192-8649-3C9827B6B611} = {C9DA5788-D0DB-4271-845E-E5D9B4867E82}
		{62DF783B-D2DA-4807-8864-A763533798A7} = {C9DA5788-D0DB-4271-845E-E5D9B4867E82}
		{8E2AB412-1002-4314-9E93-7D040EA4EC0F} = {C9DA5788-D0DB-4271-845E-E5D9B4867E82}
	EndGlobalSection
	GlobalSection(PowerDesigner) = preSolution
		HasSWS = 1
	EndGlobalSection
EndGlobal
